
Microsoft Visual Studio Solution File, Format Version 12.00
# Visual Studio Version 17
VisualStudioVersion = 17.11.35327.3
MinimumVisualStudioVersion = 10.0.40219.1
Project("{FAE04EC0-301F-11D3-BF4B-00C04F79EFBC}") = "EYEAPI", "EYEAPI\EYEAPI.csproj", "{AEA509CE-8EE6-45EB-A253-042984A006DF}"
EndProject
Project("{2150E333-8FDC-42A3-9474-1A3956D46DE8}") = "Solution Items", "Solution Items", "{79E64E58-B8FF-4556-B259-CDA56D4CA5DA}"
	ProjectSection(SolutionItems) = preProject
		compose.docker = compose.docker
		compose.yaml = compose.yaml
	EndProjectSection
EndProject
Global
	GlobalSection(SolutionConfigurationPlatforms) = preSolution
		Debug|Any CPU = Debug|Any CPU
		Release|Any CPU = Release|Any CPU
	EndGlobalSection
	GlobalSection(ProjectConfigurationPlatforms) = postSolution
		{AEA509CE-8EE6-45EB-A253-042984A006DF}.Debug|Any CPU.ActiveCfg = Debug|Any CPU
		{AEA509CE-8EE6-45EB-A253-042984A006DF}.Debug|Any CPU.Build.0 = Debug|Any CPU
		{AEA509CE-8EE6-45EB-A253-042984A006DF}.Release|Any CPU.ActiveCfg = Release|Any CPU
		{AEA509CE-8EE6-45EB-A253-042984A006DF}.Release|Any CPU.Build.0 = Release|Any CPU
	EndGlobalSection
	GlobalSection(SolutionProperties) = preSolution
		HideSolutionNode = FALSE
	EndGlobalSection
	GlobalSection(ExtensibilityGlobals) = postSolution
		SolutionGuid = {54805A3A-C92A-4F27-850B-43D1EFCD30F0}
	EndGlobalSection
EndGlobal
